
Microsoft Visual Studio Solution File, Format Version 12.00
# Visual Studio Version 17
VisualStudioVersion = 17.4.33205.214
MinimumVisualStudioVersion = 10.0.40219.1
Project("{FAE04EC0-301F-11D3-BF4B-00C04F79EFBC}") = "GenericsDemo", "GenericDemoProject\GenericsDemo.csproj", "{E767050F-FF60-4477-A5AD-3C69E9C2E3DD}"
EndProject
Project("{FAE04EC0-301F-11D3-BF4B-00C04F79EFBC}") = "FindMaximumNumber", "FindMaximumNumber\FindMaximumNumber.csproj", "{FBC77D70-A9B5-4FAF-ACFE-4703C2253934}"
EndProject
Global
	GlobalSection(SolutionConfigurationPlatforms) = preSolution
		Debug|Any CPU = Debug|Any CPU
		Release|Any CPU = Release|Any CPU
	EndGlobalSection
	GlobalSection(ProjectConfigurationPlatforms) = postSolution
		{E767050F-FF60-4477-A5AD-3C69E9C2E3DD}.Debug|Any CPU.ActiveCfg = Debug|Any CPU
		{E767050F-FF60-4477-A5AD-3C69E9C2E3DD}.Debug|Any CPU.Build.0 = Debug|Any CPU
		{E767050F-FF60-4477-A5AD-3C69E9C2E3DD}.Release|Any CPU.ActiveCfg = Release|Any CPU
		{E767050F-FF60-4477-A5AD-3C69E9C2E3DD}.Release|Any CPU.Build.0 = Release|Any CPU
		{FBC77D70-A9B5-4FAF-ACFE-4703C2253934}.Debug|Any CPU.ActiveCfg = Debug|Any CPU
		{FBC77D70-A9B5-4FAF-ACFE-4703C2253934}.Debug|Any CPU.Build.0 = Debug|Any CPU
		{FBC77D70-A9B5-4FAF-ACFE-4703C2253934}.Release|Any CPU.ActiveCfg = Release|Any CPU
		{FBC77D70-A9B5-4FAF-ACFE-4703C2253934}.Release|Any CPU.Build.0 = Release|Any CPU
	EndGlobalSection
	GlobalSection(SolutionProperties) = preSolution
		HideSolutionNode = FALSE
	EndGlobalSection
	GlobalSection(ExtensibilityGlobals) = postSolution
		SolutionGuid = {EC483A61-F794-494A-BF69-64EC7D6F8786}
	EndGlobalSection
EndGlobal
